
Microsoft Visual Studio Solution File, Format Version 12.00
# Visual Studio Version 17
VisualStudioVersion = 17.8.34408.163
MinimumVisualStudioVersion = 10.0.40219.1
Project("{FAE04EC0-301F-11D3-BF4B-00C04F79EFBC}") = "tehtävä 1 ovi", "tehtävä 1 ovi\tehtävä 1 ovi.csproj", "{3027556A-DB3A-4652-AC6A-9C1639D528B1}"
EndProject
Global
	GlobalSection(SolutionConfigurationPlatforms) = preSolution
		Debug|Any CPU = Debug|Any CPU
		Release|Any CPU = Release|Any CPU
	EndGlobalSection
	GlobalSection(ProjectConfigurationPlatforms) = postSolution
		{3027556A-DB3A-4652-AC6A-9C1639D528B1}.Debug|Any CPU.ActiveCfg = Debug|Any CPU
		{3027556A-DB3A-4652-AC6A-9C1639D528B1}.Debug|Any CPU.Build.0 = Debug|Any CPU
		{3027556A-DB3A-4652-AC6A-9C1639D528B1}.Release|Any CPU.ActiveCfg = Release|Any CPU
		{3027556A-DB3A-4652-AC6A-9C1639D528B1}.Release|Any CPU.Build.0 = Release|Any CPU
	EndGlobalSection
	GlobalSection(SolutionProperties) = preSolution
		HideSolutionNode = FALSE
	EndGlobalSection
	GlobalSection(ExtensibilityGlobals) = postSolution
		SolutionGuid = {9111F654-0CC1-4D6B-903B-DE16C545802F}
	EndGlobalSection
EndGlobal
